{
    "_meta": {
        "hash": {
            "sha256": "4775dc6e180cdf80a7dc788de4fc2af6ea9ac05349cbcb6f7035a04ba24e24d6"
        },
        "pipfile-spec": 6,
        "requires": {},
        "sources": [
            {
                "name": "pypi",
                "url": "https://pypi.org/simple",
                "verify_ssl": true
            }
        ]
    },
    "default": {
        "easygui": {
            "hashes": [
                "sha256:33498710c68b5376b459cd3fc48d1d1f33822139eb3ed01defbc0528326da3ba",
                "sha256:d653ff79ee1f42f63b5a090f2f98ce02335d86ad8963b3ce2661805cafe99a04"
            ],
            "index": "pypi",
            "version": "==0.98.3"
        },
        "pypdf": {
            "hashes": [
                "sha256:9af476a9dc30fcb137659b0dec747ea94aa954933c52cf02ee33e39a16fe9175",
                "sha256:db994ab47cadc81057ea1591b90e5b543e2b7ef2d0e31ef41a9bfe763c119dab"
            ],
            "index": "pypi",
            "markers": "python_version >= '3.8'",
            "version": "==5.4.0"
        }
    },
    "develop": {}
}
