{
    "_meta": {
        "hash": {
            "sha256": "a6181ed2ea2d3fb56aa0ecc2df64705e92608fe793e7a395c408bebabad524a5"
        },
        "pipfile-spec": 6,
        "requires": {},
        "sources": [
            {
                "name": "pypi",
                "url": "https://pypi.org/simple",
                "verify_ssl": true
            }
        ]
    },
    "default": {
        "pymupdf": {
            "hashes": [
                "sha256:5a35e2725fae0ab57f058dff77615c15eb5961eac50ba04f41ebc792cd8facad",
                "sha256:5f96311cacd13254c905f6654a004a0a2025b71cabc04fda667f5472f72c15a0",
                "sha256:65e18ddb37fe8ec4edcdbebe9be3a8486b6a2f42609d0a142677e42f3a0614f8",
                "sha256:6ed7fc25271004d6d3279c20a80cb2bb4cda3efa9f9088dcc07cd790eca0bc63",
                "sha256:7f44bc3d03ea45b2f68c96464f96105e8c7908896f2fb5e8c04f1fb8dae7981e",
                "sha256:cde4e1c9cfb09c0e1e9c2b7f4b787dd6bb34a32cfe141a4675e24af7c0c25dd3",
                "sha256:d94b800e9501929c42283d39bc241001dd87fdeea297b5cb40d5b5714534452f",
                "sha256:ee22155d3a634642d76553204867d862ae1bdd9f7cf70c0797d8127ebee6bed5"
            ],
            "index": "pypi",
            "markers": "python_version >= '3.9'",
            "version": "==1.25.5"
        },
        "pypdf": {
            "hashes": [
                "sha256:5c536ec0f7af8e2f80eb32806964652a562b9abc5477b3c195e2b842725ce55b",
                "sha256:67603e2e96cdf70e676564520933c017d450f16075b9966be5fee128812ace8c"
            ],
            "index": "pypi",
            "markers": "python_version >= '3.6'",
            "version": "==5.0.0"
        },
        "wxpython": {
            "hashes": [
                "sha256:0a66b0d6fe1d7e8e133fdfdee3cae95f70cc433929f36af08f377e103584f49c",
                "sha256:0b1b5ac5ced6bc46a4bf9041d16b3e35373a5a0c1dddac9384b59c43d06cc294",
                "sha256:0f73aebf960f0ec6961454841deed242c2d852066ab2c538e617c5eabd95bd7b",
                "sha256:20d6e0c927e27ced85643719bd63e9f7fd501df6e9a8aab1489b039897fd7c01",
                "sha256:23afd08aa530a5ede0bcee0526ce185e38e28374ef5c3d2f65f058c1d7204f67",
                "sha256:361db46442376ba1cae4ce9f8fab4081b4d085458f973b4c10b68e04492067ad",
                "sha256:4e5028d7092701ab20b3bef4547d6a7d528d82f12192d72595eeb98b2ebe6364",
                "sha256:676aeb82d64d3d3cb94210e882a508bb1013de5fb55917f54f8dd2c1483f9110",
                "sha256:718a1560e341b5c4755fe9e8a431a1c6796a9d742a4bfce7ebd90d8a71ac0dd4",
                "sha256:80df5158129577b8b1153b9af28ef18cf738a8f200e87c836a1dfc9ca61f86b7",
                "sha256:84a01d90c4514d738a05d9045f62b1f1850fbe8d967b4ae545ba090e74cb1216",
                "sha256:8e729d3110a6ed5f6520371bb3cd5f05f993f6b40d5f80ec6446b8678f2fc2ac",
                "sha256:9040fe6ae7e0fd1b33c7020c392a08f94d205614a24e23b9c7a3a74a9836140d",
                "sha256:9231853d8a15b0610a6153cbef65f392164c17f234c65916df499619f7e75bd9",
                "sha256:a1a367e4242ae83aedbaf2728f622be8ee7aec4721eb4254fe8cf2d86f893bc5",
                "sha256:a7c95c385895b94b4784a78c06a1626329c3552fcc47a78ab88f0a02ffe1e2db",
                "sha256:c007b153ebf74a8429789a5dcb93c76b3901c531b1413695fdb96f222ec207fc",
                "sha256:c8ce9223d256b69815ef2c64842fb6a70303ab46d262b601382adff053779ab3",
                "sha256:d2cf6a99ec39440298a2c6fbbfd95e386f0ad7d56ae7880553c1ae45709c091a",
                "sha256:dac14ea1b04d90b403414f0401704beecae0d3e7143755a20da0ac2cfec02bf9",
                "sha256:f9d5a08199adb8e66ac15bdd494b398f5fa53e7a31ecd9dc07f522265d61aa47"
            ],
            "index": "pypi",
            "markers": "python_version >= '3.9'",
            "version": "==4.2.3"
        }
    },
    "develop": {}
}
